
Microsoft Visual Studio Solution File, Format Version 12.00
# Visual Studio 15
VisualStudioVersion = 15.0.26124.0
MinimumVisualStudioVersion = 15.0.26124.0
Project("{FAE04EC0-301F-11D3-BF4B-00C04F79EFBC}") = "Domain", "Domain\Domain.csproj", "{49B77BF2-346C-4271-9C93-F8348156D5B7}"
EndProject
Project("{FAE04EC0-301F-11D3-BF4B-00C04F79EFBC}") = "Application", "Application\Application.csproj", "{B5230B7E-869D-4442-A709-52ABAC0F0952}"
EndProject
Project("{FAE04EC0-301F-11D3-BF4B-00C04F79EFBC}") = "Persistence", "Persistence\Persistence.csproj", "{F847D972-BA8D-4C4D-A3EB-567C642F8A42}"
EndProject
Project("{FAE04EC0-301F-11D3-BF4B-00C04F79EFBC}") = "API", "API\API.csproj", "{84437334-2461-42D4-A87E-5CC1CDE848DB}"
EndProject
Global
	GlobalSection(SolutionConfigurationPlatforms) = preSolution
		Debug|Any CPU = Debug|Any CPU
		Debug|x64 = Debug|x64
		Debug|x86 = Debug|x86
		Release|Any CPU = Release|Any CPU
		Release|x64 = Release|x64
		Release|x86 = Release|x86
	EndGlobalSection
	GlobalSection(SolutionProperties) = preSolution
		HideSolutionNode = FALSE
	EndGlobalSection
	GlobalSection(ProjectConfigurationPlatforms) = postSolution
		{49B77BF2-346C-4271-9C93-F8348156D5B7}.Debug|Any CPU.ActiveCfg = Debug|Any CPU
		{49B77BF2-346C-4271-9C93-F8348156D5B7}.Debug|Any CPU.Build.0 = Debug|Any CPU
		{49B77BF2-346C-4271-9C93-F8348156D5B7}.Debug|x64.ActiveCfg = Debug|Any CPU
		{49B77BF2-346C-4271-9C93-F8348156D5B7}.Debug|x64.Build.0 = Debug|Any CPU
		{49B77BF2-346C-4271-9C93-F8348156D5B7}.Debug|x86.ActiveCfg = Debug|Any CPU
		{49B77BF2-346C-4271-9C93-F8348156D5B7}.Debug|x86.Build.0 = Debug|Any CPU
		{49B77BF2-346C-4271-9C93-F8348156D5B7}.Release|Any CPU.ActiveCfg = Release|Any CPU
		{49B77BF2-346C-4271-9C93-F8348156D5B7}.Release|Any CPU.Build.0 = Release|Any CPU
		{49B77BF2-346C-4271-9C93-F8348156D5B7}.Release|x64.ActiveCfg = Release|Any CPU
		{49B77BF2-346C-4271-9C93-F8348156D5B7}.Release|x64.Build.0 = Release|Any CPU
		{49B77BF2-346C-4271-9C93-F8348156D5B7}.Release|x86.ActiveCfg = Release|Any CPU
		{49B77BF2-346C-4271-9C93-F8348156D5B7}.Release|x86.Build.0 = Release|Any CPU
		{B5230B7E-869D-4442-A709-52ABAC0F0952}.Debug|Any CPU.ActiveCfg = Debug|Any CPU
		{B5230B7E-869D-4442-A709-52ABAC0F0952}.Debug|Any CPU.Build.0 = Debug|Any CPU
		{B5230B7E-869D-4442-A709-52ABAC0F0952}.Debug|x64.ActiveCfg = Debug|Any CPU
		{B5230B7E-869D-4442-A709-52ABAC0F0952}.Debug|x64.Build.0 = Debug|Any CPU
		{B5230B7E-869D-4442-A709-52ABAC0F0952}.Debug|x86.ActiveCfg = Debug|Any CPU
		{B5230B7E-869D-4442-A709-52ABAC0F0952}.Debug|x86.Build.0 = Debug|Any CPU
		{B5230B7E-869D-4442-A709-52ABAC0F0952}.Release|Any CPU.ActiveCfg = Release|Any CPU
		{B5230B7E-869D-4442-A709-52ABAC0F0952}.Release|Any CPU.Build.0 = Release|Any CPU
		{B5230B7E-869D-4442-A709-52ABAC0F0952}.Release|x64.ActiveCfg = Release|Any CPU
		{B5230B7E-869D-4442-A709-52ABAC0F0952}.Release|x64.Build.0 = Release|Any CPU
		{B5230B7E-869D-4442-A709-52ABAC0F0952}.Release|x86.ActiveCfg = Release|Any CPU
		{B5230B7E-869D-4442-A709-52ABAC0F0952}.Release|x86.Build.0 = Release|Any CPU
		{F847D972-BA8D-4C4D-A3EB-567C642F8A42}.Debug|Any CPU.ActiveCfg = Debug|Any CPU
		{F847D972-BA8D-4C4D-A3EB-567C642F8A42}.Debug|Any CPU.Build.0 = Debug|Any CPU
		{F847D972-BA8D-4C4D-A3EB-567C642F8A42}.Debug|x64.ActiveCfg = Debug|Any CPU
		{F847D972-BA8D-4C4D-A3EB-567C642F8A42}.Debug|x64.Build.0 = Debug|Any CPU
		{F847D972-BA8D-4C4D-A3EB-567C642F8A42}.Debug|x86.ActiveCfg = Debug|Any CPU
		{F847D972-BA8D-4C4D-A3EB-567C642F8A42}.Debug|x86.Build.0 = Debug|Any CPU
		{F847D972-BA8D-4C4D-A3EB-567C642F8A42}.Release|Any CPU.ActiveCfg = Release|Any CPU
		{F847D972-BA8D-4C4D-A3EB-567C642F8A42}.Release|Any CPU.Build.0 = Release|Any CPU
		{F847D972-BA8D-4C4D-A3EB-567C642F8A42}.Release|x64.ActiveCfg = Release|Any CPU
		{F847D972-BA8D-4C4D-A3EB-567C642F8A42}.Release|x64.Build.0 = Release|Any CPU
		{F847D972-BA8D-4C4D-A3EB-567C642F8A42}.Release|x86.ActiveCfg = Release|Any CPU
		{F847D972-BA8D-4C4D-A3EB-567C642F8A42}.Release|x86.Build.0 = Release|Any CPU
		{84437334-2461-42D4-A87E-5CC1CDE848DB}.Debug|Any CPU.ActiveCfg = Debug|Any CPU
		{84437334-2461-42D4-A87E-5CC1CDE848DB}.Debug|Any CPU.Build.0 = Debug|Any CPU
		{84437334-2461-42D4-A87E-5CC1CDE848DB}.Debug|x64.ActiveCfg = Debug|Any CPU
		{84437334-2461-42D4-A87E-5CC1CDE848DB}.Debug|x64.Build.0 = Debug|Any CPU
		{84437334-2461-42D4-A87E-5CC1CDE848DB}.Debug|x86.ActiveCfg = Debug|Any CPU
		{84437334-2461-42D4-A87E-5CC1CDE848DB}.Debug|x86.Build.0 = Debug|Any CPU
		{84437334-2461-42D4-A87E-5CC1CDE848DB}.Release|Any CPU.ActiveCfg = Release|Any CPU
		{84437334-2461-42D4-A87E-5CC1CDE848DB}.Release|Any CPU.Build.0 = Release|Any CPU
		{84437334-2461-42D4-A87E-5CC1CDE848DB}.Release|x64.ActiveCfg = Release|Any CPU
		{84437334-2461-42D4-A87E-5CC1CDE848DB}.Release|x64.Build.0 = Release|Any CPU
		{84437334-2461-42D4-A87E-5CC1CDE848DB}.Release|x86.ActiveCfg = Release|Any CPU
		{84437334-2461-42D4-A87E-5CC1CDE848DB}.Release|x86.Build.0 = Release|Any CPU
	EndGlobalSection
EndGlobal
